
Microsoft Visual Studio Solution File, Format Version 12.00
# Visual Studio 2012
Project("{FAE04EC0-301F-11D3-BF4B-00C04F79EFBC}") = "XamarinEvolve.iOS", "XamarinEvolve.iOS.csproj", "{22F77CDE-8816-45D7-A7A1-CA9282145F0A}"
EndProject
Global
	GlobalSection(SolutionConfigurationPlatforms) = preSolution
		Debug|iPhoneSimulator = Debug|iPhoneSimulator
		Release|iPhone = Release|iPhone
		Release|iPhoneSimulator = Release|iPhoneSimulator
		Debug|iPhone = Debug|iPhone
		Release|Any CPU = Release|Any CPU
		UITest|iPhone = UITest|iPhone
		UITest|Any CPU = UITest|Any CPU
		UITest|iPhoneSimulator = UITest|iPhoneSimulator
		Debug|Any CPU = Debug|Any CPU
	EndGlobalSection
	GlobalSection(ProjectConfigurationPlatforms) = postSolution
		{22F77CDE-8816-45D7-A7A1-CA9282145F0A}.Debug|iPhoneSimulator.ActiveCfg = Debug|iPhoneSimulator
		{22F77CDE-8816-45D7-A7A1-CA9282145F0A}.Debug|iPhoneSimulator.Build.0 = Debug|iPhoneSimulator
		{22F77CDE-8816-45D7-A7A1-CA9282145F0A}.Release|iPhone.ActiveCfg = Release|iPhone
		{22F77CDE-8816-45D7-A7A1-CA9282145F0A}.Release|iPhone.Build.0 = Release|iPhone
		{22F77CDE-8816-45D7-A7A1-CA9282145F0A}.Release|iPhoneSimulator.ActiveCfg = Release|iPhoneSimulator
		{22F77CDE-8816-45D7-A7A1-CA9282145F0A}.Release|iPhoneSimulator.Build.0 = Release|iPhoneSimulator
		{22F77CDE-8816-45D7-A7A1-CA9282145F0A}.Debug|iPhone.ActiveCfg = Debug|iPhone
		{22F77CDE-8816-45D7-A7A1-CA9282145F0A}.Debug|iPhone.Build.0 = Debug|iPhone
		{22F77CDE-8816-45D7-A7A1-CA9282145F0A}.Release|Any CPU.ActiveCfg = Release|Any CPU
		{22F77CDE-8816-45D7-A7A1-CA9282145F0A}.Release|Any CPU.Build.0 = Release|Any CPU
		{22F77CDE-8816-45D7-A7A1-CA9282145F0A}.UITest|iPhone.ActiveCfg = UITest|iPhone
		{22F77CDE-8816-45D7-A7A1-CA9282145F0A}.UITest|iPhone.Build.0 = UITest|iPhone
		{22F77CDE-8816-45D7-A7A1-CA9282145F0A}.UITest|Any CPU.ActiveCfg = UITest|Any CPU
		{22F77CDE-8816-45D7-A7A1-CA9282145F0A}.UITest|Any CPU.Build.0 = UITest|Any CPU
		{22F77CDE-8816-45D7-A7A1-CA9282145F0A}.UITest|iPhoneSimulator.ActiveCfg = UITest|iPhoneSimulator
		{22F77CDE-8816-45D7-A7A1-CA9282145F0A}.UITest|iPhoneSimulator.Build.0 = UITest|iPhoneSimulator
		{22F77CDE-8816-45D7-A7A1-CA9282145F0A}.Debug|Any CPU.ActiveCfg = Debug|Any CPU
		{22F77CDE-8816-45D7-A7A1-CA9282145F0A}.Debug|Any CPU.Build.0 = Debug|Any CPU
	EndGlobalSection
EndGlobal
